
Microsoft Visual Studio Solution File, Format Version 12.00
# Visual Studio Version 17
VisualStudioVersion = 17.4.33213.308
MinimumVisualStudioVersion = 10.0.40219.1
Project("{FAE04EC0-301F-11D3-BF4B-00C04F79EFBC}") = "Codigo completo Primer Parcial", "Codigo completo Primer Parcial\Codigo completo Primer Parcial.csproj", "{7D1B5D52-024E-47D6-A167-D1A7E12D453B}"
EndProject
Global
	GlobalSection(SolutionConfigurationPlatforms) = preSolution
		Debug|Any CPU = Debug|Any CPU
		Release|Any CPU = Release|Any CPU
	EndGlobalSection
	GlobalSection(ProjectConfigurationPlatforms) = postSolution
		{7D1B5D52-024E-47D6-A167-D1A7E12D453B}.Debug|Any CPU.ActiveCfg = Debug|Any CPU
		{7D1B5D52-024E-47D6-A167-D1A7E12D453B}.Debug|Any CPU.Build.0 = Debug|Any CPU
		{7D1B5D52-024E-47D6-A167-D1A7E12D453B}.Release|Any CPU.ActiveCfg = Release|Any CPU
		{7D1B5D52-024E-47D6-A167-D1A7E12D453B}.Release|Any CPU.Build.0 = Release|Any CPU
	EndGlobalSection
	GlobalSection(SolutionProperties) = preSolution
		HideSolutionNode = FALSE
	EndGlobalSection
	GlobalSection(ExtensibilityGlobals) = postSolution
		SolutionGuid = {65E9623D-FB98-4204-916B-BE8D87383951}
	EndGlobalSection
EndGlobal
